{
  "name": "exercises",
  "version": "1.0.0",
  "lockfileVersion": 2,
  "requires": true,
  "packages": {
    "": {
      "name": "exercises",
      "version": "1.0.0",
      "license": "ISC",
      "dependencies": {
        "@bsv/sdk": "^1.2.3"
      }
    },
    "node_modules/@bsv/sdk": {
      "version": "1.2.3",
      "resolved": "https://registry.npmjs.org/@bsv/sdk/-/sdk-1.2.3.tgz",
      "integrity": "sha512-b1UeSBsKAbRUdR08OIEVplv4TQLIGCnMlHpUUIk6zieB5uWlGWUzvYtkxeC06TkqqIISfyRr2opQHBGftq+Kmg=="
    }
  },
  "dependencies": {
    "@bsv/sdk": {
      "version": "1.2.3",
      "resolved": "https://registry.npmjs.org/@bsv/sdk/-/sdk-1.2.3.tgz",
      "integrity": "sha512-b1UeSBsKAbRUdR08OIEVplv4TQLIGCnMlHpUUIk6zieB5uWlGWUzvYtkxeC06TkqqIISfyRr2opQHBGftq+Kmg=="
    }
  }
}
